{
  "name": "@hyperfrontend/e2e-function-utils",
  "version": "0.0.0",
  "lockfileVersion": 3,
  "requires": true,
  "packages": {
    "": {
      "name": "@hyperfrontend/e2e-function-utils",
      "version": "0.0.0",
      "dependencies": {
        "@hyperfrontend/function-utils": "file:../../../tmp/e2e-packs/hyperfrontend-function-utils-1.0.0.tgz"
      },
      "devDependencies": {
        "@types/node": "25.3.3",
        "typescript": "5.7.3"
      }
    },
    "node_modules/@hyperfrontend/function-utils": {
      "version": "1.0.0",
      "resolved": "file:../../../tmp/e2e-packs/hyperfrontend-function-utils-1.0.0.tgz",
      "integrity": "sha512-3A+ztDoehNwbRLFa9/nFHvTTI9O7Pl9vkp/p0x9Sho6of4W8oi5ph1WZSPpsismsU9dBRhL+zPK2yOScMhmXTQ==",
      "license": "MIT",
      "engines": {
        "node": ">=18.0.0",
        "npm": ">=8.0.0"
      }
    },
    "node_modules/@types/node": {
      "version": "25.3.3",
      "resolved": "https://registry.npmjs.org/@types/node/-/node-25.3.3.tgz",
      "integrity": "sha512-DpzbrH7wIcBaJibpKo9nnSQL0MTRdnWttGyE5haGwK86xgMOkFLp7vEyfQPGLOJh5wNYiJ3V9PmUMDhV9u8kkQ==",
      "dev": true,
      "license": "MIT",
      "dependencies": {
        "undici-types": "~7.18.0"
      }
    },
    "node_modules/typescript": {
      "version": "5.7.3",
      "resolved": "https://registry.npmjs.org/typescript/-/typescript-5.7.3.tgz",
      "integrity": "sha512-84MVSjMEHP+FQRPy3pX9sTVV/INIex71s9TL2Gm5FG/WG1SqXeKyZ0k7/blY/4FdOzI12CBy1vGc4og/eus0fw==",
      "dev": true,
      "license": "Apache-2.0",
      "bin": {
        "tsc": "bin/tsc",
        "tsserver": "bin/tsserver"
      },
      "engines": {
        "node": ">=14.17"
      }
    },
    "node_modules/undici-types": {
      "version": "7.18.2",
      "resolved": "https://registry.npmjs.org/undici-types/-/undici-types-7.18.2.tgz",
      "integrity": "sha512-AsuCzffGHJybSaRrmr5eHr81mwJU3kjw6M+uprWvCXiNeN9SOGwQ3Jn8jb8m3Z6izVgknn1R0FTCEAP2QrLY/w==",
      "dev": true,
      "license": "MIT"
    }
  }
}
